{
  "nodes": {
    "flakeNimbleLib": {
      "inputs": {
        "nixpkgs": [
          "nixpkgs"
        ]
      },
      "locked": {
        "lastModified": 1662018438,
        "narHash": "sha256-QtNtU6+LX3Wokxf0zlFwKTFOcn6TeDjKQZ+DA9OYtvM=",
        "owner": "riinr",
        "repo": "nim-flakes-lib",
        "rev": "b1fe8340736e3a85d25c709ac3dfd82a55c03cbf",
        "type": "github"
      },
      "original": {
        "owner": "riinr",
        "ref": "master",
        "repo": "nim-flakes-lib",
        "type": "github"
      }
    },
    "haraka-master": {
      "inputs": {
        "flakeNimbleLib": [
          "flakeNimbleLib"
        ],
        "nixpkgs": [
          "nixpkgs"
        ],
        "src-haraka-master": "src-haraka-master"
      },
      "locked": {
        "dir": "master",
        "lastModified": 1667322334,
        "narHash": "sha256-x231EBBI2gWXKS/GFKjLs+WXJEmuWBIvh1NSK+aTUW4=",
        "owner": "nim-nix-pkgs",
        "repo": "haraka",
        "rev": "74cd864d19b23b2ac4db9106b1710b9b1240d896",
        "type": "github"
      },
      "original": {
        "dir": "master",
        "owner": "nim-nix-pkgs",
        "ref": "master",
        "repo": "haraka",
        "type": "github"
      }
    },
    "haraka-v0_1_0": {
      "inputs": {
        "flakeNimbleLib": [
          "flakeNimbleLib"
        ],
        "nixpkgs": [
          "nixpkgs"
        ],
        "src-haraka-v0_1_0": "src-haraka-v0_1_0"
      },
      "locked": {
        "dir": "v0_1_0",
        "lastModified": 1667322334,
        "narHash": "sha256-x231EBBI2gWXKS/GFKjLs+WXJEmuWBIvh1NSK+aTUW4=",
        "owner": "nim-nix-pkgs",
        "repo": "haraka",
        "rev": "74cd864d19b23b2ac4db9106b1710b9b1240d896",
        "type": "github"
      },
      "original": {
        "dir": "v0_1_0",
        "owner": "nim-nix-pkgs",
        "ref": "master",
        "repo": "haraka",
        "type": "github"
      }
    },
    "nixpkgs": {
      "locked": {
        "lastModified": 1667199707,
        "narHash": "sha256-I2Js3Y7gUyVSEXPULHlBoRek4Lh85vnevdS6mdvDNLI=",
        "owner": "NixOS",
        "repo": "nixpkgs",
        "rev": "ced197be72099edcfa68ebed8b87af7b04851f45",
        "type": "github"
      },
      "original": {
        "id": "nixpkgs",
        "type": "indirect"
      }
    },
    "root": {
      "inputs": {
        "flakeNimbleLib": "flakeNimbleLib",
        "haraka-master": "haraka-master",
        "haraka-v0_1_0": "haraka-v0_1_0",
        "nixpkgs": "nixpkgs"
      }
    },
    "src-haraka-master": {
      "flake": false,
      "locked": {
        "lastModified": 1543237404,
        "narHash": "sha256-9grsEqnH5PiPJ4ay4d4biX+ljxNdAg56EErrpG8OfbY=",
        "owner": "~ehmry",
        "repo": "nim_haraka",
        "rev": "ff9879c92ea0d82c3b3417725cce7df3137e62b1",
        "type": "sourcehut"
      },
      "original": {
        "owner": "~ehmry",
        "ref": "master",
        "repo": "nim_haraka",
        "type": "sourcehut"
      }
    },
    "src-haraka-v0_1_0": {
      "flake": false,
      "locked": {
        "lastModified": 1543237404,
        "narHash": "sha256-9grsEqnH5PiPJ4ay4d4biX+ljxNdAg56EErrpG8OfbY=",
        "owner": "~ehmry",
        "repo": "nim_haraka",
        "rev": "ff9879c92ea0d82c3b3417725cce7df3137e62b1",
        "type": "sourcehut"
      },
      "original": {
        "owner": "~ehmry",
        "ref": "v0.1.0",
        "repo": "nim_haraka",
        "type": "sourcehut"
      }
    }
  },
  "root": "root",
  "version": 7
}
